// !$*UTF8*$!
{
	archiveVersion = 1;
	classes = {
	};
	objectVersion = 56;
	objects = {

/* Begin PBXBuildFile section */
		E65B44B72CFA0838003FE03D /* PushSystem.swift in Sources */ = {isa = PBXBuildFile; fileRef = E65B44B62CFA0835003FE03D /* PushSystem.swift */; };
		E69748102B7A351400C47E94 /* Destination.swift in Sources */ = {isa = PBXBuildFile; fileRef = E697480F2B7A351400C47E94 /* Destination.swift */; };
		E69B473E2B57FD1700A8B7E6 /* SubView.swift in Sources */ = {isa = PBXBuildFile; fileRef = E69B473D2B57FD1700A8B7E6 /* SubView.swift */; };
		E69B47402B57FD3300A8B7E6 /* SubReducer.swift in Sources */ = {isa = PBXBuildFile; fileRef = E69B473F2B57FD3300A8B7E6 /* SubReducer.swift */; };
		E69B47462B5D28B800A8B7E6 /* UINavigationController+Extensions.swift in Sources */ = {isa = PBXBuildFile; fileRef = E69B47452B5D28B800A8B7E6 /* UINavigationController+Extensions.swift */; };
		E69C828F2B25CDF300586158 /* ProjectApp.swift in Sources */ = {isa = PBXBuildFile; fileRef = E69C828E2B25CDF300586158 /* ProjectApp.swift */; };
		E69C82912B25CDF300586158 /* MainView.swift in Sources */ = {isa = PBXBuildFile; fileRef = E69C82902B25CDF300586158 /* MainView.swift */; };
		E69C82932B25CDF400586158 /* Assets.xcassets in Resources */ = {isa = PBXBuildFile; fileRef = E69C82922B25CDF400586158 /* Assets.xcassets */; };
		E69C82962B25CDF400586158 /* Preview Assets.xcassets in Resources */ = {isa = PBXBuildFile; fileRef = E69C82952B25CDF400586158 /* Preview Assets.xcassets */; };
		E69C82A02B25CDF400586158 /* ProjectTests.swift in Sources */ = {isa = PBXBuildFile; fileRef = E69C829F2B25CDF400586158 /* ProjectTests.swift */; };
		E69C82AA2B25CDF400586158 /* ProjectUITests.swift in Sources */ = {isa = PBXBuildFile; fileRef = E69C82A92B25CDF400586158 /* ProjectUITests.swift */; };
		E69C82AC2B25CDF400586158 /* ProjectUITestsLaunchTests.swift in Sources */ = {isa = PBXBuildFile; fileRef = E69C82AB2B25CDF400586158 /* ProjectUITestsLaunchTests.swift */; };
		E69C82C92B305DE500586158 /* API.swift in Sources */ = {isa = PBXBuildFile; fileRef = E69C82C82B305DE500586158 /* API.swift */; };
		E69C82CD2B31BCD500586158 /* Server.swift in Sources */ = {isa = PBXBuildFile; fileRef = E69C82CC2B31BCD500586158 /* Server.swift */; };
		E6ED908C2B4EE243007A980A /* ComposableArchitecture in Frameworks */ = {isa = PBXBuildFile; productRef = E6ED908B2B4EE243007A980A /* ComposableArchitecture */; };
		E6ED90902B4EE2AA007A980A /* MainReducer.swift in Sources */ = {isa = PBXBuildFile; fileRef = E6ED908F2B4EE2AA007A980A /* MainReducer.swift */; };
		E9DB2A7E2C1FE4B400472986 /* CombineMoya in Frameworks */ = {isa = PBXBuildFile; productRef = E9DB2A7D2C1FE4B400472986 /* CombineMoya */; };
/* End PBXBuildFile section */

/* Begin PBXContainerItemProxy section */
		E69C829C2B25CDF400586158 /* PBXContainerItemProxy */ = {
			isa = PBXContainerItemProxy;
			containerPortal = E69C82832B25CDF300586158 /* Project object */;
			proxyType = 1;
			remoteGlobalIDString = E69C828A2B25CDF300586158;
			remoteInfo = Project;
		};
		E69C82A62B25CDF400586158 /* PBXContainerItemProxy */ = {
			isa = PBXContainerItemProxy;
			containerPortal = E69C82832B25CDF300586158 /* Project object */;
			proxyType = 1;
			remoteGlobalIDString = E69C828A2B25CDF300586158;
			remoteInfo = Project;
		};
/* End PBXContainerItemProxy section */

/* Begin PBXFileReference section */
		E65B44B62CFA0835003FE03D /* PushSystem.swift */ = {isa = PBXFileReference; lastKnownFileType = sourcecode.swift; path = PushSystem.swift; sourceTree = "<group>"; };
		E697480F2B7A351400C47E94 /* Destination.swift */ = {isa = PBXFileReference; lastKnownFileType = sourcecode.swift; path = Destination.swift; sourceTree = "<group>"; };
		E69B473D2B57FD1700A8B7E6 /* SubView.swift */ = {isa = PBXFileReference; lastKnownFileType = sourcecode.swift; path = SubView.swift; sourceTree = "<group>"; };
		E69B473F2B57FD3300A8B7E6 /* SubReducer.swift */ = {isa = PBXFileReference; lastKnownFileType = sourcecode.swift; path = SubReducer.swift; sourceTree = "<group>"; };
		E69B47452B5D28B800A8B7E6 /* UINavigationController+Extensions.swift */ = {isa = PBXFileReference; lastKnownFileType = sourcecode.swift; path = "UINavigationController+Extensions.swift"; sourceTree = "<group>"; };
		E69C828B2B25CDF300586158 /* Project.app */ = {isa = PBXFileReference; explicitFileType = wrapper.application; includeInIndex = 0; path = Project.app; sourceTree = BUILT_PRODUCTS_DIR; };
		E69C828E2B25CDF300586158 /* ProjectApp.swift */ = {isa = PBXFileReference; lastKnownFileType = sourcecode.swift; path = ProjectApp.swift; sourceTree = "<group>"; };
		E69C82902B25CDF300586158 /* MainView.swift */ = {isa = PBXFileReference; lastKnownFileType = sourcecode.swift; path = MainView.swift; sourceTree = "<group>"; };
		E69C82922B25CDF400586158 /* Assets.xcassets */ = {isa = PBXFileReference; lastKnownFileType = folder.assetcatalog; path = Assets.xcassets; sourceTree = "<group>"; };
		E69C82952B25CDF400586158 /* Preview Assets.xcassets */ = {isa = PBXFileReference; lastKnownFileType = folder.assetcatalog; path = "Preview Assets.xcassets"; sourceTree = "<group>"; };
		E69C829B2B25CDF400586158 /* ProjectTests.xctest */ = {isa = PBXFileReference; explicitFileType = wrapper.cfbundle; includeInIndex = 0; path = ProjectTests.xctest; sourceTree = BUILT_PRODUCTS_DIR; };
		E69C829F2B25CDF400586158 /* ProjectTests.swift */ = {isa = PBXFileReference; lastKnownFileType = sourcecode.swift; path = ProjectTests.swift; sourceTree = "<group>"; };
		E69C82A52B25CDF400586158 /* ProjectUITests.xctest */ = {isa = PBXFileReference; explicitFileType = wrapper.cfbundle; includeInIndex = 0; path = ProjectUITests.xctest; sourceTree = BUILT_PRODUCTS_DIR; };
		E69C82A92B25CDF400586158 /* ProjectUITests.swift */ = {isa = PBXFileReference; lastKnownFileType = sourcecode.swift; path = ProjectUITests.swift; sourceTree = "<group>"; };
		E69C82AB2B25CDF400586158 /* ProjectUITestsLaunchTests.swift */ = {isa = PBXFileReference; lastKnownFileType = sourcecode.swift; path = ProjectUITestsLaunchTests.swift; sourceTree = "<group>"; };
		E69C82C82B305DE500586158 /* API.swift */ = {isa = PBXFileReference; lastKnownFileType = sourcecode.swift; path = API.swift; sourceTree = "<group>"; };
		E69C82CA2B31B85D00586158 /* Package.swift */ = {isa = PBXFileReference; lastKnownFileType = sourcecode.swift; path = Package.swift; sourceTree = "<group>"; };
		E69C82CC2B31BCD500586158 /* Server.swift */ = {isa = PBXFileReference; lastKnownFileType = sourcecode.swift; path = Server.swift; sourceTree = "<group>"; };
		E6ED908F2B4EE2AA007A980A /* MainReducer.swift */ = {isa = PBXFileReference; lastKnownFileType = sourcecode.swift; path = MainReducer.swift; sourceTree = "<group>"; };
/* End PBXFileReference section */

/* Begin PBXFrameworksBuildPhase section */
		E69C82882B25CDF300586158 /* Frameworks */ = {
			isa = PBXFrameworksBuildPhase;
			buildActionMask = 2147483647;
			files = (
				E9DB2A7E2C1FE4B400472986 /* CombineMoya in Frameworks */,
				E6ED908C2B4EE243007A980A /* ComposableArchitecture in Frameworks */,
			);
			runOnlyForDeploymentPostprocessing = 0;
		};
		E69C82982B25CDF400586158 /* Frameworks */ = {
			isa = PBXFrameworksBuildPhase;
			buildActionMask = 2147483647;
			files = (
			);
			runOnlyForDeploymentPostprocessing = 0;
		};
		E69C82A22B25CDF400586158 /* Frameworks */ = {
			isa = PBXFrameworksBuildPhase;
			buildActionMask = 2147483647;
			files = (
			);
			runOnlyForDeploymentPostprocessing = 0;
		};
/* End PBXFrameworksBuildPhase section */

/* Begin PBXGroup section */
		E65B44B52CFA082B003FE03D /* Push */ = {
			isa = PBXGroup;
			children = (
				E65B44B62CFA0835003FE03D /* PushSystem.swift */,
			);
			path = Push;
			sourceTree = "<group>";
		};
		E697480E2B7A34FA00C47E94 /* Coordinator */ = {
			isa = PBXGroup;
			children = (
				E697480F2B7A351400C47E94 /* Destination.swift */,
			);
			path = Coordinator;
			sourceTree = "<group>";
		};
		E69B473B2B57FC0800A8B7E6 /* Main */ = {
			isa = PBXGroup;
			children = (
				E69C82902B25CDF300586158 /* MainView.swift */,
				E6ED908F2B4EE2AA007A980A /* MainReducer.swift */,
			);
			path = Main;
			sourceTree = "<group>";
		};
		E69B473C2B57FCFA00A8B7E6 /* Sub */ = {
			isa = PBXGroup;
			children = (
				E69B473D2B57FD1700A8B7E6 /* SubView.swift */,
				E69B473F2B57FD3300A8B7E6 /* SubReducer.swift */,
			);
			path = Sub;
			sourceTree = "<group>";
		};
		E69B47412B5D288F00A8B7E6 /* Extensions */ = {
			isa = PBXGroup;
			children = (
				E69B47442B5D28AC00A8B7E6 /* UI+Extensions */,
			);
			path = Extensions;
			sourceTree = "<group>";
		};
		E69B47442B5D28AC00A8B7E6 /* UI+Extensions */ = {
			isa = PBXGroup;
			children = (
				E69B47452B5D28B800A8B7E6 /* UINavigationController+Extensions.swift */,
			);
			path = "UI+Extensions";
			sourceTree = "<group>";
		};
		E69C82822B25CDF300586158 = {
			isa = PBXGroup;
			children = (
				E69C828D2B25CDF300586158 /* Project */,
				E69C829E2B25CDF400586158 /* ProjectTests */,
				E69C82A82B25CDF400586158 /* ProjectUITests */,
				E69C828C2B25CDF300586158 /* Products */,
			);
			sourceTree = "<group>";
		};
		E69C828C2B25CDF300586158 /* Products */ = {
			isa = PBXGroup;
			children = (
				E69C828B2B25CDF300586158 /* Project.app */,
				E69C829B2B25CDF400586158 /* ProjectTests.xctest */,
				E69C82A52B25CDF400586158 /* ProjectUITests.xctest */,
			);
			name = Products;
			sourceTree = "<group>";
		};
		E69C828D2B25CDF300586158 /* Project */ = {
			isa = PBXGroup;
			children = (
				E69C82CA2B31B85D00586158 /* Package.swift */,
				E69C828E2B25CDF300586158 /* ProjectApp.swift */,
				E69C82BA2B25CE5A00586158 /* Sources */,
				E69C82B92B25CE4000586158 /* Resources */,
				E69C82942B25CDF400586158 /* Preview Content */,
			);
			path = Project;
			sourceTree = "<group>";
		};
		E69C82942B25CDF400586158 /* Preview Content */ = {
			isa = PBXGroup;
			children = (
				E69C82952B25CDF400586158 /* Preview Assets.xcassets */,
			);
			path = "Preview Content";
			sourceTree = "<group>";
		};
		E69C829E2B25CDF400586158 /* ProjectTests */ = {
			isa = PBXGroup;
			children = (
				E69C829F2B25CDF400586158 /* ProjectTests.swift */,
			);
			path = ProjectTests;
			sourceTree = "<group>";
		};
		E69C82A82B25CDF400586158 /* ProjectUITests */ = {
			isa = PBXGroup;
			children = (
				E69C82A92B25CDF400586158 /* ProjectUITests.swift */,
				E69C82AB2B25CDF400586158 /* ProjectUITestsLaunchTests.swift */,
			);
			path = ProjectUITests;
			sourceTree = "<group>";
		};
		E69C82B82B25CE3900586158 /* Modules */ = {
			isa = PBXGroup;
			children = (
				E69B473B2B57FC0800A8B7E6 /* Main */,
				E69B473C2B57FCFA00A8B7E6 /* Sub */,
			);
			path = Modules;
			sourceTree = "<group>";
		};
		E69C82B92B25CE4000586158 /* Resources */ = {
			isa = PBXGroup;
			children = (
				E69C82922B25CDF400586158 /* Assets.xcassets */,
			);
			path = Resources;
			sourceTree = "<group>";
		};
		E69C82BA2B25CE5A00586158 /* Sources */ = {
			isa = PBXGroup;
			children = (
				E65B44B52CFA082B003FE03D /* Push */,
				E69B47412B5D288F00A8B7E6 /* Extensions */,
				E69C82C72B305D7400586158 /* Network */,
				E697480E2B7A34FA00C47E94 /* Coordinator */,
				E69C82B82B25CE3900586158 /* Modules */,
			);
			path = Sources;
			sourceTree = "<group>";
		};
		E69C82C72B305D7400586158 /* Network */ = {
			isa = PBXGroup;
			children = (
				E69C82C82B305DE500586158 /* API.swift */,
				E69C82CC2B31BCD500586158 /* Server.swift */,
			);
			path = Network;
			sourceTree = "<group>";
		};
/* End PBXGroup section */

/* Begin PBXNativeTarget section */
		E69C828A2B25CDF300586158 /* Project */ = {
			isa = PBXNativeTarget;
			buildConfigurationList = E69C82AF2B25CDF400586158 /* Build configuration list for PBXNativeTarget "Project" */;
			buildPhases = (
				E69C82872B25CDF300586158 /* Sources */,
				E69C82882B25CDF300586158 /* Frameworks */,
				E69C82892B25CDF300586158 /* Resources */,
			);
			buildRules = (
			);
			dependencies = (
			);
			name = Project;
			packageProductDependencies = (
				E6ED908B2B4EE243007A980A /* ComposableArchitecture */,
				E9DB2A7D2C1FE4B400472986 /* CombineMoya */,
			);
			productName = Project;
			productReference = E69C828B2B25CDF300586158 /* Project.app */;
			productType = "com.apple.product-type.application";
		};
		E69C829A2B25CDF400586158 /* ProjectTests */ = {
			isa = PBXNativeTarget;
			buildConfigurationList = E69C82B22B25CDF400586158 /* Build configuration list for PBXNativeTarget "ProjectTests" */;
			buildPhases = (
				E69C82972B25CDF400586158 /* Sources */,
				E69C82982B25CDF400586158 /* Frameworks */,
				E69C82992B25CDF400586158 /* Resources */,
			);
			buildRules = (
			);
			dependencies = (
				E69C829D2B25CDF400586158 /* PBXTargetDependency */,
			);
			name = ProjectTests;
			productName = ProjectTests;
			productReference = E69C829B2B25CDF400586158 /* ProjectTests.xctest */;
			productType = "com.apple.product-type.bundle.unit-test";
		};
		E69C82A42B25CDF400586158 /* ProjectUITests */ = {
			isa = PBXNativeTarget;
			buildConfigurationList = E69C82B52B25CDF400586158 /* Build configuration list for PBXNativeTarget "ProjectUITests" */;
			buildPhases = (
				E69C82A12B25CDF400586158 /* Sources */,
				E69C82A22B25CDF400586158 /* Frameworks */,
				E69C82A32B25CDF400586158 /* Resources */,
			);
			buildRules = (
			);
			dependencies = (
				E69C82A72B25CDF400586158 /* PBXTargetDependency */,
			);
			name = ProjectUITests;
			productName = ProjectUITests;
			productReference = E69C82A52B25CDF400586158 /* ProjectUITests.xctest */;
			productType = "com.apple.product-type.bundle.ui-testing";
		};
/* End PBXNativeTarget section */

/* Begin PBXProject section */
		E69C82832B25CDF300586158 /* Project object */ = {
			isa = PBXProject;
			attributes = {
				BuildIndependentTargetsInParallel = 1;
				LastSwiftUpdateCheck = 1500;
				LastUpgradeCheck = 1500;
				TargetAttributes = {
					E69C828A2B25CDF300586158 = {
						CreatedOnToolsVersion = 15.0;
					};
					E69C829A2B25CDF400586158 = {
						CreatedOnToolsVersion = 15.0;
						TestTargetID = E69C828A2B25CDF300586158;
					};
					E69C82A42B25CDF400586158 = {
						CreatedOnToolsVersion = 15.0;
						TestTargetID = E69C828A2B25CDF300586158;
					};
				};
			};
			buildConfigurationList = E69C82862B25CDF300586158 /* Build configuration list for PBXProject "Project" */;
			compatibilityVersion = "Xcode 14.0";
			developmentRegion = en;
			hasScannedForEncodings = 0;
			knownRegions = (
				en,
				Base,
			);
			mainGroup = E69C82822B25CDF300586158;
			packageReferences = (
				E6ED908A2B4EE243007A980A /* XCRemoteSwiftPackageReference "swift-composable-architecture" */,
				E9DB2A7C2C1FE4B400472986 /* XCRemoteSwiftPackageReference "Moya" */,
			);
			productRefGroup = E69C828C2B25CDF300586158 /* Products */;
			projectDirPath = "";
			projectRoot = "";
			targets = (
				E69C828A2B25CDF300586158 /* Project */,
				E69C829A2B25CDF400586158 /* ProjectTests */,
				E69C82A42B25CDF400586158 /* ProjectUITests */,
			);
		};
/* End PBXProject section */

/* Begin PBXResourcesBuildPhase section */
		E69C82892B25CDF300586158 /* Resources */ = {
			isa = PBXResourcesBuildPhase;
			buildActionMask = 2147483647;
			files = (
				E69C82962B25CDF400586158 /* Preview Assets.xcassets in Resources */,
				E69C82932B25CDF400586158 /* Assets.xcassets in Resources */,
			);
			runOnlyForDeploymentPostprocessing = 0;
		};
		E69C82992B25CDF400586158 /* Resources */ = {
			isa = PBXResourcesBuildPhase;
			buildActionMask = 2147483647;
			files = (
			);
			runOnlyForDeploymentPostprocessing = 0;
		};
		E69C82A32B25CDF400586158 /* Resources */ = {
			isa = PBXResourcesBuildPhase;
			buildActionMask = 2147483647;
			files = (
			);
			runOnlyForDeploymentPostprocessing = 0;
		};
/* End PBXResourcesBuildPhase section */

/* Begin PBXSourcesBuildPhase section */
		E69C82872B25CDF300586158 /* Sources */ = {
			isa = PBXSourcesBuildPhase;
			buildActionMask = 2147483647;
			files = (
				E69C82912B25CDF300586158 /* MainView.swift in Sources */,
				E69C82CD2B31BCD500586158 /* Server.swift in Sources */,
				E69C828F2B25CDF300586158 /* ProjectApp.swift in Sources */,
				E69B47402B57FD3300A8B7E6 /* SubReducer.swift in Sources */,
				E65B44B72CFA0838003FE03D /* PushSystem.swift in Sources */,
				E69B473E2B57FD1700A8B7E6 /* SubView.swift in Sources */,
				E69748102B7A351400C47E94 /* Destination.swift in Sources */,
				E69C82C92B305DE500586158 /* API.swift in Sources */,
				E6ED90902B4EE2AA007A980A /* MainReducer.swift in Sources */,
				E69B47462B5D28B800A8B7E6 /* UINavigationController+Extensions.swift in Sources */,
			);
			runOnlyForDeploymentPostprocessing = 0;
		};
		E69C82972B25CDF400586158 /* Sources */ = {
			isa = PBXSourcesBuildPhase;
			buildActionMask = 2147483647;
			files = (
				E69C82A02B25CDF400586158 /* ProjectTests.swift in Sources */,
			);
			runOnlyForDeploymentPostprocessing = 0;
		};
		E69C82A12B25CDF400586158 /* Sources */ = {
			isa = PBXSourcesBuildPhase;
			buildActionMask = 2147483647;
			files = (
				E69C82AC2B25CDF400586158 /* ProjectUITestsLaunchTests.swift in Sources */,
				E69C82AA2B25CDF400586158 /* ProjectUITests.swift in Sources */,
			);
			runOnlyForDeploymentPostprocessing = 0;
		};
/* End PBXSourcesBuildPhase section */

/* Begin PBXTargetDependency section */
		E69C829D2B25CDF400586158 /* PBXTargetDependency */ = {
			isa = PBXTargetDependency;
			target = E69C828A2B25CDF300586158 /* Project */;
			targetProxy = E69C829C2B25CDF400586158 /* PBXContainerItemProxy */;
		};
		E69C82A72B25CDF400586158 /* PBXTargetDependency */ = {
			isa = PBXTargetDependency;
			target = E69C828A2B25CDF300586158 /* Project */;
			targetProxy = E69C82A62B25CDF400586158 /* PBXContainerItemProxy */;
		};
/* End PBXTargetDependency section */

/* Begin XCBuildConfiguration section */
		E69C82AD2B25CDF400586158 /* Debug */ = {
			isa = XCBuildConfiguration;
			buildSettings = {
				ALWAYS_SEARCH_USER_PATHS = NO;
				ASSETCATALOG_COMPILER_GENERATE_SWIFT_ASSET_SYMBOL_EXTENSIONS = YES;
				CLANG_ANALYZER_NONNULL = YES;
				CLANG_ANALYZER_NUMBER_OBJECT_CONVERSION = YES_AGGRESSIVE;
				CLANG_CXX_LANGUAGE_STANDARD = "gnu++20";
				CLANG_ENABLE_MODULES = YES;
				CLANG_ENABLE_OBJC_ARC = YES;
				CLANG_ENABLE_OBJC_WEAK = YES;
				CLANG_WARN_BLOCK_CAPTURE_AUTORELEASING = YES;
				CLANG_WARN_BOOL_CONVERSION = YES;
				CLANG_WARN_COMMA = YES;
				CLANG_WARN_CONSTANT_CONVERSION = YES;
				CLANG_WARN_DEPRECATED_OBJC_IMPLEMENTATIONS = YES;
				CLANG_WARN_DIRECT_OBJC_ISA_USAGE = YES_ERROR;
				CLANG_WARN_DOCUMENTATION_COMMENTS = YES;
				CLANG_WARN_EMPTY_BODY = YES;
				CLANG_WARN_ENUM_CONVERSION = YES;
				CLANG_WARN_INFINITE_RECURSION = YES;
				CLANG_WARN_INT_CONVERSION = YES;
				CLANG_WARN_NON_LITERAL_NULL_CONVERSION = YES;
				CLANG_WARN_OBJC_IMPLICIT_RETAIN_SELF = YES;
				CLANG_WARN_OBJC_LITERAL_CONVERSION = YES;
				CLANG_WARN_OBJC_ROOT_CLASS = YES_ERROR;
				CLANG_WARN_QUOTED_INCLUDE_IN_FRAMEWORK_HEADER = YES;
				CLANG_WARN_RANGE_LOOP_ANALYSIS = YES;
				CLANG_WARN_STRICT_PROTOTYPES = YES;
				CLANG_WARN_SUSPICIOUS_MOVE = YES;
				CLANG_WARN_UNGUARDED_AVAILABILITY = YES_AGGRESSIVE;
				CLANG_WARN_UNREACHABLE_CODE = YES;
				CLANG_WARN__DUPLICATE_METHOD_MATCH = YES;
				COPY_PHASE_STRIP = NO;
				DEBUG_INFORMATION_FORMAT = dwarf;
				ENABLE_STRICT_OBJC_MSGSEND = YES;
				ENABLE_TESTABILITY = YES;
				ENABLE_USER_SCRIPT_SANDBOXING = YES;
				GCC_C_LANGUAGE_STANDARD = gnu17;
				GCC_DYNAMIC_NO_PIC = NO;
				GCC_NO_COMMON_BLOCKS = YES;
				GCC_OPTIMIZATION_LEVEL = 0;
				GCC_PREPROCESSOR_DEFINITIONS = (
					"DEBUG=1",
					"$(inherited)",
				);
				GCC_WARN_64_TO_32_BIT_CONVERSION = YES;
				GCC_WARN_ABOUT_RETURN_TYPE = YES_ERROR;
				GCC_WARN_UNDECLARED_SELECTOR = YES;
				GCC_WARN_UNINITIALIZED_AUTOS = YES_AGGRESSIVE;
				GCC_WARN_UNUSED_FUNCTION = YES;
				GCC_WARN_UNUSED_VARIABLE = YES;
				IPHONEOS_DEPLOYMENT_TARGET = 17.0;
				LOCALIZATION_PREFERS_STRING_CATALOGS = YES;
				MTL_ENABLE_DEBUG_INFO = INCLUDE_SOURCE;
				MTL_FAST_MATH = YES;
				ONLY_ACTIVE_ARCH = YES;
				SDKROOT = iphoneos;
				SWIFT_ACTIVE_COMPILATION_CONDITIONS = "DEBUG $(inherited)";
				SWIFT_OPTIMIZATION_LEVEL = "-Onone";
			};
			name = Debug;
		};
		E69C82AE2B25CDF400586158 /* Release */ = {
			isa = XCBuildConfiguration;
			buildSettings = {
				ALWAYS_SEARCH_USER_PATHS = NO;
				ASSETCATALOG_COMPILER_GENERATE_SWIFT_ASSET_SYMBOL_EXTENSIONS = YES;
				CLANG_ANALYZER_NONNULL = YES;
				CLANG_ANALYZER_NUMBER_OBJECT_CONVERSION = YES_AGGRESSIVE;
				CLANG_CXX_LANGUAGE_STANDARD = "gnu++20";
				CLANG_ENABLE_MODULES = YES;
				CLANG_ENABLE_OBJC_ARC = YES;
				CLANG_ENABLE_OBJC_WEAK = YES;
				CLANG_WARN_BLOCK_CAPTURE_AUTORELEASING = YES;
				CLANG_WARN_BOOL_CONVERSION = YES;
				CLANG_WARN_COMMA = YES;
				CLANG_WARN_CONSTANT_CONVERSION = YES;
				CLANG_WARN_DEPRECATED_OBJC_IMPLEMENTATIONS = YES;
				CLANG_WARN_DIRECT_OBJC_ISA_USAGE = YES_ERROR;
				CLANG_WARN_DOCUMENTATION_COMMENTS = YES;
				CLANG_WARN_EMPTY_BODY = YES;
				CLANG_WARN_ENUM_CONVERSION = YES;
				CLANG_WARN_INFINITE_RECURSION = YES;
				CLANG_WARN_INT_CONVERSION = YES;
				CLANG_WARN_NON_LITERAL_NULL_CONVERSION = YES;
				CLANG_WARN_OBJC_IMPLICIT_RETAIN_SELF = YES;
				CLANG_WARN_OBJC_LITERAL_CONVERSION = YES;
				CLANG_WARN_OBJC_ROOT_CLASS = YES_ERROR;
				CLANG_WARN_QUOTED_INCLUDE_IN_FRAMEWORK_HEADER = YES;
				CLANG_WARN_RANGE_LOOP_ANALYSIS = YES;
				CLANG_WARN_STRICT_PROTOTYPES = YES;
				CLANG_WARN_SUSPICIOUS_MOVE = YES;
				CLANG_WARN_UNGUARDED_AVAILABILITY = YES_AGGRESSIVE;
				CLANG_WARN_UNREACHABLE_CODE = YES;
				CLANG_WARN__DUPLICATE_METHOD_MATCH = YES;
				COPY_PHASE_STRIP = NO;
				DEBUG_INFORMATION_FORMAT = "dwarf-with-dsym";
				ENABLE_NS_ASSERTIONS = NO;
				ENABLE_STRICT_OBJC_MSGSEND = YES;
				ENABLE_USER_SCRIPT_SANDBOXING = YES;
				GCC_C_LANGUAGE_STANDARD = gnu17;
				GCC_NO_COMMON_BLOCKS = YES;
				GCC_WARN_64_TO_32_BIT_CONVERSION = YES;
				GCC_WARN_ABOUT_RETURN_TYPE = YES_ERROR;
				GCC_WARN_UNDECLARED_SELECTOR = YES;
				GCC_WARN_UNINITIALIZED_AUTOS = YES_AGGRESSIVE;
				GCC_WARN_UNUSED_FUNCTION = YES;
				GCC_WARN_UNUSED_VARIABLE = YES;
				IPHONEOS_DEPLOYMENT_TARGET = 17.0;
				LOCALIZATION_PREFERS_STRING_CATALOGS = YES;
				MTL_ENABLE_DEBUG_INFO = NO;
				MTL_FAST_MATH = YES;
				SDKROOT = iphoneos;
				SWIFT_COMPILATION_MODE = wholemodule;
				VALIDATE_PRODUCT = YES;
			};
			name = Release;
		};
		E69C82B02B25CDF400586158 /* Debug */ = {
			isa = XCBuildConfiguration;
			buildSettings = {
				ASSETCATALOG_COMPILER_APPICON_NAME = AppIcon;
				ASSETCATALOG_COMPILER_GLOBAL_ACCENT_COLOR_NAME = AccentColor;
				CODE_SIGN_STYLE = Automatic;
				CURRENT_PROJECT_VERSION = 1;
				DEVELOPMENT_ASSET_PATHS = "\"Project/Preview Content\"";
				DEVELOPMENT_TEAM = 5G8BGQX7US;
				ENABLE_PREVIEWS = YES;
				GENERATE_INFOPLIST_FILE = YES;
				INFOPLIST_KEY_CFBundleDisplayName = Template;
				INFOPLIST_KEY_UIApplicationSceneManifest_Generation = YES;
				INFOPLIST_KEY_UIApplicationSupportsIndirectInputEvents = YES;
				INFOPLIST_KEY_UILaunchScreen_Generation = YES;
				INFOPLIST_KEY_UISupportedInterfaceOrientations_iPad = "UIInterfaceOrientationPortrait UIInterfaceOrientationPortraitUpsideDown UIInterfaceOrientationLandscapeLeft UIInterfaceOrientationLandscapeRight";
				INFOPLIST_KEY_UISupportedInterfaceOrientations_iPhone = "UIInterfaceOrientationPortrait UIInterfaceOrientationLandscapeLeft UIInterfaceOrientationLandscapeRight";
				LD_RUNPATH_SEARCH_PATHS = (
					"$(inherited)",
					"@executable_path/Frameworks",
				);
				MARKETING_VERSION = 1.0;
				PRODUCT_BUNDLE_IDENTIFIER = com.soohyeonwon.com.Project;
				PRODUCT_NAME = "$(TARGET_NAME)";
				SWIFT_EMIT_LOC_STRINGS = YES;
				SWIFT_VERSION = 5.0;
				TARGETED_DEVICE_FAMILY = "1,2";
			};
			name = Debug;
		};
		E69C82B12B25CDF400586158 /* Release */ = {
			isa = XCBuildConfiguration;
			buildSettings = {
				ASSETCATALOG_COMPILER_APPICON_NAME = AppIcon;
				ASSETCATALOG_COMPILER_GLOBAL_ACCENT_COLOR_NAME = AccentColor;
				CODE_SIGN_STYLE = Automatic;
				CURRENT_PROJECT_VERSION = 1;
				DEVELOPMENT_ASSET_PATHS = "\"Project/Preview Content\"";
				DEVELOPMENT_TEAM = 5G8BGQX7US;
				ENABLE_PREVIEWS = YES;
				GENERATE_INFOPLIST_FILE = YES;
				INFOPLIST_KEY_CFBundleDisplayName = Template;
				INFOPLIST_KEY_UIApplicationSceneManifest_Generation = YES;
				INFOPLIST_KEY_UIApplicationSupportsIndirectInputEvents = YES;
				INFOPLIST_KEY_UILaunchScreen_Generation = YES;
				INFOPLIST_KEY_UISupportedInterfaceOrientations_iPad = "UIInterfaceOrientationPortrait UIInterfaceOrientationPortraitUpsideDown UIInterfaceOrientationLandscapeLeft UIInterfaceOrientationLandscapeRight";
				INFOPLIST_KEY_UISupportedInterfaceOrientations_iPhone = "UIInterfaceOrientationPortrait UIInterfaceOrientationLandscapeLeft UIInterfaceOrientationLandscapeRight";
				LD_RUNPATH_SEARCH_PATHS = (
					"$(inherited)",
					"@executable_path/Frameworks",
				);
				MARKETING_VERSION = 1.0;
				PRODUCT_BUNDLE_IDENTIFIER = com.soohyeonwon.com.Project;
				PRODUCT_NAME = "$(TARGET_NAME)";
				SWIFT_EMIT_LOC_STRINGS = YES;
				SWIFT_VERSION = 5.0;
				TARGETED_DEVICE_FAMILY = "1,2";
			};
			name = Release;
		};
		E69C82B32B25CDF400586158 /* Debug */ = {
			isa = XCBuildConfiguration;
			buildSettings = {
				ALWAYS_EMBED_SWIFT_STANDARD_LIBRARIES = YES;
				BUNDLE_LOADER = "$(TEST_HOST)";
				CODE_SIGN_STYLE = Automatic;
				CURRENT_PROJECT_VERSION = 1;
				DEVELOPMENT_TEAM = 5G8BGQX7US;
				GENERATE_INFOPLIST_FILE = YES;
				IPHONEOS_DEPLOYMENT_TARGET = 17.0;
				MARKETING_VERSION = 1.0;
				PRODUCT_BUNDLE_IDENTIFIER = com.soohyeonwon.com.ProjectTests;
				PRODUCT_NAME = "$(TARGET_NAME)";
				SWIFT_EMIT_LOC_STRINGS = NO;
				SWIFT_VERSION = 5.0;
				TARGETED_DEVICE_FAMILY = "1,2";
				TEST_HOST = "$(BUILT_PRODUCTS_DIR)/Project.app/$(BUNDLE_EXECUTABLE_FOLDER_PATH)/Project";
			};
			name = Debug;
		};
		E69C82B42B25CDF400586158 /* Release */ = {
			isa = XCBuildConfiguration;
			buildSettings = {
				ALWAYS_EMBED_SWIFT_STANDARD_LIBRARIES = YES;
				BUNDLE_LOADER = "$(TEST_HOST)";
				CODE_SIGN_STYLE = Automatic;
				CURRENT_PROJECT_VERSION = 1;
				DEVELOPMENT_TEAM = 5G8BGQX7US;
				GENERATE_INFOPLIST_FILE = YES;
				IPHONEOS_DEPLOYMENT_TARGET = 17.0;
				MARKETING_VERSION = 1.0;
				PRODUCT_BUNDLE_IDENTIFIER = com.soohyeonwon.com.ProjectTests;
				PRODUCT_NAME = "$(TARGET_NAME)";
				SWIFT_EMIT_LOC_STRINGS = NO;
				SWIFT_VERSION = 5.0;
				TARGETED_DEVICE_FAMILY = "1,2";
				TEST_HOST = "$(BUILT_PRODUCTS_DIR)/Project.app/$(BUNDLE_EXECUTABLE_FOLDER_PATH)/Project";
			};
			name = Release;
		};
		E69C82B62B25CDF400586158 /* Debug */ = {
			isa = XCBuildConfiguration;
			buildSettings = {
				ALWAYS_EMBED_SWIFT_STANDARD_LIBRARIES = YES;
				CODE_SIGN_STYLE = Automatic;
				CURRENT_PROJECT_VERSION = 1;
				DEVELOPMENT_TEAM = 5G8BGQX7US;
				GENERATE_INFOPLIST_FILE = YES;
				MARKETING_VERSION = 1.0;
				PRODUCT_BUNDLE_IDENTIFIER = com.soohyeonwon.com.ProjectUITests;
				PRODUCT_NAME = "$(TARGET_NAME)";
				SWIFT_EMIT_LOC_STRINGS = NO;
				SWIFT_VERSION = 5.0;
				TARGETED_DEVICE_FAMILY = "1,2";
				TEST_TARGET_NAME = Project;
			};
			name = Debug;
		};
		E69C82B72B25CDF400586158 /* Release */ = {
			isa = XCBuildConfiguration;
			buildSettings = {
				ALWAYS_EMBED_SWIFT_STANDARD_LIBRARIES = YES;
				CODE_SIGN_STYLE = Automatic;
				CURRENT_PROJECT_VERSION = 1;
				DEVELOPMENT_TEAM = 5G8BGQX7US;
				GENERATE_INFOPLIST_FILE = YES;
				MARKETING_VERSION = 1.0;
				PRODUCT_BUNDLE_IDENTIFIER = com.soohyeonwon.com.ProjectUITests;
				PRODUCT_NAME = "$(TARGET_NAME)";
				SWIFT_EMIT_LOC_STRINGS = NO;
				SWIFT_VERSION = 5.0;
				TARGETED_DEVICE_FAMILY = "1,2";
				TEST_TARGET_NAME = Project;
			};
			name = Release;
		};
/* End XCBuildConfiguration section */

/* Begin XCConfigurationList section */
		E69C82862B25CDF300586158 /* Build configuration list for PBXProject "Project" */ = {
			isa = XCConfigurationList;
			buildConfigurations = (
				E69C82AD2B25CDF400586158 /* Debug */,
				E69C82AE2B25CDF400586158 /* Release */,
			);
			defaultConfigurationIsVisible = 0;
			defaultConfigurationName = Release;
		};
		E69C82AF2B25CDF400586158 /* Build configuration list for PBXNativeTarget "Project" */ = {
			isa = XCConfigurationList;
			buildConfigurations = (
				E69C82B02B25CDF400586158 /* Debug */,
				E69C82B12B25CDF400586158 /* Release */,
			);
			defaultConfigurationIsVisible = 0;
			defaultConfigurationName = Release;
		};
		E69C82B22B25CDF400586158 /* Build configuration list for PBXNativeTarget "ProjectTests" */ = {
			isa = XCConfigurationList;
			buildConfigurations = (
				E69C82B32B25CDF400586158 /* Debug */,
				E69C82B42B25CDF400586158 /* Release */,
			);
			defaultConfigurationIsVisible = 0;
			defaultConfigurationName = Release;
		};
		E69C82B52B25CDF400586158 /* Build configuration list for PBXNativeTarget "ProjectUITests" */ = {
			isa = XCConfigurationList;
			buildConfigurations = (
				E69C82B62B25CDF400586158 /* Debug */,
				E69C82B72B25CDF400586158 /* Release */,
			);
			defaultConfigurationIsVisible = 0;
			defaultConfigurationName = Release;
		};
/* End XCConfigurationList section */

/* Begin XCRemoteSwiftPackageReference section */
		E6ED908A2B4EE243007A980A /* XCRemoteSwiftPackageReference "swift-composable-architecture" */ = {
			isa = XCRemoteSwiftPackageReference;
			repositoryURL = "https://github.com/pointfreeco/swift-composable-architecture";
			requirement = {
				kind = upToNextMajorVersion;
				minimumVersion = 1.6.0;
			};
		};
		E9DB2A7C2C1FE4B400472986 /* XCRemoteSwiftPackageReference "Moya" */ = {
			isa = XCRemoteSwiftPackageReference;
			repositoryURL = "https://github.com/Moya/Moya.git";
			requirement = {
				kind = upToNextMajorVersion;
				minimumVersion = 15.0.3;
			};
		};
/* End XCRemoteSwiftPackageReference section */

/* Begin XCSwiftPackageProductDependency section */
		E6ED908B2B4EE243007A980A /* ComposableArchitecture */ = {
			isa = XCSwiftPackageProductDependency;
			package = E6ED908A2B4EE243007A980A /* XCRemoteSwiftPackageReference "swift-composable-architecture" */;
			productName = ComposableArchitecture;
		};
		E9DB2A7D2C1FE4B400472986 /* CombineMoya */ = {
			isa = XCSwiftPackageProductDependency;
			package = E9DB2A7C2C1FE4B400472986 /* XCRemoteSwiftPackageReference "Moya" */;
			productName = CombineMoya;
		};
/* End XCSwiftPackageProductDependency section */
	};
	rootObject = E69C82832B25CDF300586158 /* Project object */;
}
